
Microsoft Visual Studio Solution File, Format Version 12.00
# Visual Studio 14
VisualStudioVersion = 14.0.25420.1
MinimumVisualStudioVersion = 10.0.40219.1
Project("{FAE04EC0-301F-11D3-BF4B-00C04F79EFBC}") = "DOB.Console", "ConsoleApplication1\DOB.Console.csproj", "{A6E33EBA-96F3-41B7-AAA0-444078B7C3E5}"
EndProject
Project("{FAE04EC0-301F-11D3-BF4B-00C04F79EFBC}") = "DOB.Model", "DOB.Model\DOB.Model.csproj", "{B2B50FB3-77FF-4FF3-8025-4D670C0EC42E}"
EndProject
Project("{FAE04EC0-301F-11D3-BF4B-00C04F79EFBC}") = "DOB.API", "DOB.API\DOB.API.csproj", "{6DE45044-89BC-421F-80B8-3F45A11003F2}"
EndProject
Project("{FAE04EC0-301F-11D3-BF4B-00C04F79EFBC}") = "DOB.DBHelper", "DOB.DBHelper\DOB.DBHelper.csproj", "{A7709241-3E5C-4EFC-ABBF-1447FF039276}"
EndProject
Project("{00D1A9C2-B5F0-4AF3-8072-F6C62B433612}") = "DOB.Database", "DOB.Database\DOB.Database.sqlproj", "{00397DE4-D21C-443F-BE40-991B5DAB14EB}"
EndProject
Global
	GlobalSection(SolutionConfigurationPlatforms) = preSolution
		Debug|Any CPU = Debug|Any CPU
		Release|Any CPU = Release|Any CPU
	EndGlobalSection
	GlobalSection(ProjectConfigurationPlatforms) = postSolution
		{A6E33EBA-96F3-41B7-AAA0-444078B7C3E5}.Debug|Any CPU.ActiveCfg = Debug|Any CPU
		{A6E33EBA-96F3-41B7-AAA0-444078B7C3E5}.Debug|Any CPU.Build.0 = Debug|Any CPU
		{A6E33EBA-96F3-41B7-AAA0-444078B7C3E5}.Release|Any CPU.ActiveCfg = Release|Any CPU
		{A6E33EBA-96F3-41B7-AAA0-444078B7C3E5}.Release|Any CPU.Build.0 = Release|Any CPU
		{B2B50FB3-77FF-4FF3-8025-4D670C0EC42E}.Debug|Any CPU.ActiveCfg = Debug|Any CPU
		{B2B50FB3-77FF-4FF3-8025-4D670C0EC42E}.Debug|Any CPU.Build.0 = Debug|Any CPU
		{B2B50FB3-77FF-4FF3-8025-4D670C0EC42E}.Release|Any CPU.ActiveCfg = Release|Any CPU
		{B2B50FB3-77FF-4FF3-8025-4D670C0EC42E}.Release|Any CPU.Build.0 = Release|Any CPU
		{6DE45044-89BC-421F-80B8-3F45A11003F2}.Debug|Any CPU.ActiveCfg = Debug|Any CPU
		{6DE45044-89BC-421F-80B8-3F45A11003F2}.Debug|Any CPU.Build.0 = Debug|Any CPU
		{6DE45044-89BC-421F-80B8-3F45A11003F2}.Release|Any CPU.ActiveCfg = Release|Any CPU
		{6DE45044-89BC-421F-80B8-3F45A11003F2}.Release|Any CPU.Build.0 = Release|Any CPU
		{A7709241-3E5C-4EFC-ABBF-1447FF039276}.Debug|Any CPU.ActiveCfg = Debug|Any CPU
		{A7709241-3E5C-4EFC-ABBF-1447FF039276}.Debug|Any CPU.Build.0 = Debug|Any CPU
		{A7709241-3E5C-4EFC-ABBF-1447FF039276}.Release|Any CPU.ActiveCfg = Release|Any CPU
		{A7709241-3E5C-4EFC-ABBF-1447FF039276}.Release|Any CPU.Build.0 = Release|Any CPU
		{00397DE4-D21C-443F-BE40-991B5DAB14EB}.Debug|Any CPU.ActiveCfg = Debug|Any CPU
		{00397DE4-D21C-443F-BE40-991B5DAB14EB}.Debug|Any CPU.Build.0 = Debug|Any CPU
		{00397DE4-D21C-443F-BE40-991B5DAB14EB}.Debug|Any CPU.Deploy.0 = Debug|Any CPU
		{00397DE4-D21C-443F-BE40-991B5DAB14EB}.Release|Any CPU.ActiveCfg = Release|Any CPU
		{00397DE4-D21C-443F-BE40-991B5DAB14EB}.Release|Any CPU.Build.0 = Release|Any CPU
		{00397DE4-D21C-443F-BE40-991B5DAB14EB}.Release|Any CPU.Deploy.0 = Release|Any CPU
	EndGlobalSection
	GlobalSection(SolutionProperties) = preSolution
		HideSolutionNode = FALSE
	EndGlobalSection
EndGlobal
